github.com/boltdb/bolt v1.3.1 h1:JQmyP4ZBrce+ZQu0dY660FMfatumYDLun9hBCUVIkF4=
github.com/boltdb/bolt v1.3.1/go.mod h1:clJnj/oiGkjum5o1McbSZDSLxVThjynRyGBgiAx27Ps=
github.com/sauravgsh16/message-server v0.0.0-20191224215133-e80ad017abb2 h1:npI8HRG7y235HFYl3fsLQjuhoy3ADbs2FAM1SRJqu30=
github.com/sauravgsh16/message-server v0.0.0-20191224215133-e80ad017abb2/go.mod h1:dNGQPttl5p8vFRs69/uMd9SvY8SJ3Kju48jnZav+0f4=
